// !$*UTF8*$!
{
	archiveVersion = 1;
	classes = {
	};
	objectVersion = 55;
	objects = {

/* Begin PBXBuildFile section */
		5A5D61A0B6E21C7F147763D0 /* Pods_Homework_4___toDoList.framework in Frameworks */ = {isa = PBXBuildFile; fileRef = FC5E0AEB500FC63BA275E38A /* Pods_Homework_4___toDoList.framework */; };
		F9417DE328893BCB0042D79D /* AppDelegate.swift in Sources */ = {isa = PBXBuildFile; fileRef = F9417DE228893BCB0042D79D /* AppDelegate.swift */; };
		F9417DE528893BCB0042D79D /* SceneDelegate.swift in Sources */ = {isa = PBXBuildFile; fileRef = F9417DE428893BCB0042D79D /* SceneDelegate.swift */; };
		F9417DE728893BCB0042D79D /* SignInView.swift in Sources */ = {isa = PBXBuildFile; fileRef = F9417DE628893BCB0042D79D /* SignInView.swift */; };
		F9417DEA28893BCB0042D79D /* Main.storyboard in Resources */ = {isa = PBXBuildFile; fileRef = F9417DE828893BCB0042D79D /* Main.storyboard */; };
		F9417DED28893BCB0042D79D /* Homework_4___toDoList.xcdatamodeld in Sources */ = {isa = PBXBuildFile; fileRef = F9417DEB28893BCB0042D79D /* Homework_4___toDoList.xcdatamodeld */; };
		F9417DEF28893BCC0042D79D /* Assets.xcassets in Resources */ = {isa = PBXBuildFile; fileRef = F9417DEE28893BCC0042D79D /* Assets.xcassets */; };
		F9417DF228893BCC0042D79D /* LaunchScreen.storyboard in Resources */ = {isa = PBXBuildFile; fileRef = F9417DF028893BCC0042D79D /* LaunchScreen.storyboard */; };
		F9417E0128899A0A0042D79D /* SignUpView.swift in Sources */ = {isa = PBXBuildFile; fileRef = F9417E0028899A0A0042D79D /* SignUpView.swift */; };
		F9417E052889E4EC0042D79D /* SignProtocol.swift in Sources */ = {isa = PBXBuildFile; fileRef = F9417E042889E4EC0042D79D /* SignProtocol.swift */; };
		F941FE22288F02BC00CF45C7 /* SignUpVC.swift in Sources */ = {isa = PBXBuildFile; fileRef = F941FE21288F02BC00CF45C7 /* SignUpVC.swift */; };
		F97DE778288DBE2900937DD9 /* Model.swift in Sources */ = {isa = PBXBuildFile; fileRef = F97DE777288DBE2900937DD9 /* Model.swift */; };
		F97DE77B288DBEA800937DD9 /* LocalStore.swift in Sources */ = {isa = PBXBuildFile; fileRef = F97DE77A288DBEA800937DD9 /* LocalStore.swift */; };
		F97DE77D288DBF2600937DD9 /* SignInVC.swift in Sources */ = {isa = PBXBuildFile; fileRef = F97DE77C288DBF2600937DD9 /* SignInVC.swift */; };
		F9FB0DDA288F4A2500245B49 /* NetworkService.swift in Sources */ = {isa = PBXBuildFile; fileRef = F9FB0DD9288F4A2500245B49 /* NetworkService.swift */; };
/* End PBXBuildFile section */

/* Begin PBXFileReference section */
		6B807C52D6E0E6A8549FB5E4 /* Pods-Homework 4 - toDoList.debug.xcconfig */ = {isa = PBXFileReference; includeInIndex = 1; lastKnownFileType = text.xcconfig; name = "Pods-Homework 4 - toDoList.debug.xcconfig"; path = "Target Support Files/Pods-Homework 4 - toDoList/Pods-Homework 4 - toDoList.debug.xcconfig"; sourceTree = "<group>"; };
		E225E2C64A503C5391DB3333 /* Pods-Homework 4 - toDoList.release.xcconfig */ = {isa = PBXFileReference; includeInIndex = 1; lastKnownFileType = text.xcconfig; name = "Pods-Homework 4 - toDoList.release.xcconfig"; path = "Target Support Files/Pods-Homework 4 - toDoList/Pods-Homework 4 - toDoList.release.xcconfig"; sourceTree = "<group>"; };
		F9417DDF28893BCB0042D79D /* Homework 4 - toDoList.app */ = {isa = PBXFileReference; explicitFileType = wrapper.application; includeInIndex = 0; path = "Homework 4 - toDoList.app"; sourceTree = BUILT_PRODUCTS_DIR; };
		F9417DE228893BCB0042D79D /* AppDelegate.swift */ = {isa = PBXFileReference; lastKnownFileType = sourcecode.swift; path = AppDelegate.swift; sourceTree = "<group>"; };
		F9417DE428893BCB0042D79D /* SceneDelegate.swift */ = {isa = PBXFileReference; lastKnownFileType = sourcecode.swift; path = SceneDelegate.swift; sourceTree = "<group>"; };
		F9417DE628893BCB0042D79D /* SignInView.swift */ = {isa = PBXFileReference; lastKnownFileType = sourcecode.swift; path = SignInView.swift; sourceTree = "<group>"; };
		F9417DE928893BCB0042D79D /* Base */ = {isa = PBXFileReference; lastKnownFileType = file.storyboard; name = Base; path = Base.lproj/Main.storyboard; sourceTree = "<group>"; };
		F9417DEC28893BCB0042D79D /* Homework_4___toDoList.xcdatamodel */ = {isa = PBXFileReference; lastKnownFileType = wrapper.xcdatamodel; path = "Homework_4___toDoList.xcdatamodel"; sourceTree = "<group>"; };
		F9417DEE28893BCC0042D79D /* Assets.xcassets */ = {isa = PBXFileReference; lastKnownFileType = folder.assetcatalog; path = Assets.xcassets; sourceTree = "<group>"; };
		F9417DF128893BCC0042D79D /* Base */ = {isa = PBXFileReference; lastKnownFileType = file.storyboard; name = Base; path = Base.lproj/LaunchScreen.storyboard; sourceTree = "<group>"; };
		F9417DF328893BCC0042D79D /* Info.plist */ = {isa = PBXFileReference; lastKnownFileType = text.plist.xml; path = Info.plist; sourceTree = "<group>"; };
		F9417E0028899A0A0042D79D /* SignUpView.swift */ = {isa = PBXFileReference; lastKnownFileType = sourcecode.swift; path = SignUpView.swift; sourceTree = "<group>"; };
		F9417E042889E4EC0042D79D /* SignProtocol.swift */ = {isa = PBXFileReference; lastKnownFileType = sourcecode.swift; path = SignProtocol.swift; sourceTree = "<group>"; };
		F941FE21288F02BC00CF45C7 /* SignUpVC.swift */ = {isa = PBXFileReference; lastKnownFileType = sourcecode.swift; path = SignUpVC.swift; sourceTree = "<group>"; };
		F97DE777288DBE2900937DD9 /* Model.swift */ = {isa = PBXFileReference; lastKnownFileType = sourcecode.swift; path = Model.swift; sourceTree = "<group>"; };
		F97DE77A288DBEA800937DD9 /* LocalStore.swift */ = {isa = PBXFileReference; lastKnownFileType = sourcecode.swift; path = LocalStore.swift; sourceTree = "<group>"; };
		F97DE77C288DBF2600937DD9 /* SignInVC.swift */ = {isa = PBXFileReference; lastKnownFileType = sourcecode.swift; path = SignInVC.swift; sourceTree = "<group>"; };
		F9FB0DD9288F4A2500245B49 /* NetworkService.swift */ = {isa = PBXFileReference; lastKnownFileType = sourcecode.swift; path = NetworkService.swift; sourceTree = "<group>"; };
		FC5E0AEB500FC63BA275E38A /* Pods_Homework_4___toDoList.framework */ = {isa = PBXFileReference; explicitFileType = wrapper.framework; includeInIndex = 0; path = "Pods_Homework_4___toDoList.framework"; sourceTree = BUILT_PRODUCTS_DIR; };
/* End PBXFileReference section */

/* Begin PBXFrameworksBuildPhase section */
		F9417DDC28893BCB0042D79D /* Frameworks */ = {
			isa = PBXFrameworksBuildPhase;
			buildActionMask = 2147483647;
			files = (
				5A5D61A0B6E21C7F147763D0 /* Pods_Homework_4___toDoList.framework in Frameworks */,
			);
			runOnlyForDeploymentPostprocessing = 0;
		};
/* End PBXFrameworksBuildPhase section */

/* Begin PBXGroup section */
		7801A88D9BA23DEC873CB8F2 /* Frameworks */ = {
			isa = PBXGroup;
			children = (
				FC5E0AEB500FC63BA275E38A /* Pods_Homework_4___toDoList.framework */,
			);
			name = Frameworks;
			sourceTree = "<group>";
		};
		9160F19E53385F9E93D47233 /* Pods */ = {
			isa = PBXGroup;
			children = (
				6B807C52D6E0E6A8549FB5E4 /* Pods-Homework 4 - toDoList.debug.xcconfig */,
				E225E2C64A503C5391DB3333 /* Pods-Homework 4 - toDoList.release.xcconfig */,
			);
			path = Pods;
			sourceTree = "<group>";
		};
		F9417DD628893BCB0042D79D = {
			isa = PBXGroup;
			children = (
				F9417DE128893BCB0042D79D /* Homework 4 - toDoList */,
				F9417DE028893BCB0042D79D /* Products */,
				9160F19E53385F9E93D47233 /* Pods */,
				7801A88D9BA23DEC873CB8F2 /* Frameworks */,
			);
			sourceTree = "<group>";
		};
		F9417DE028893BCB0042D79D /* Products */ = {
			isa = PBXGroup;
			children = (
				F9417DDF28893BCB0042D79D /* Homework 4 - toDoList.app */,
			);
			name = Products;
			sourceTree = "<group>";
		};
		F9417DE128893BCB0042D79D /* Homework 4 - toDoList */ = {
			isa = PBXGroup;
			children = (
				F97DE779288DBE9500937DD9 /* Models */,
				F941FE24288F12EA00CF45C7 /* Views */,
				F9417DFB2889958D0042D79D /* ViewControllers */,
				F9417E032889E4D30042D79D /* Protocols */,
				F9417DF92889956D0042D79D /* Source */,
				F9417DEE28893BCC0042D79D /* Assets.xcassets */,
				F9417DF328893BCC0042D79D /* Info.plist */,
				F9417DEB28893BCB0042D79D /* Homework_4___toDoList.xcdatamodeld */,
			);
			path = "Homework 4 - toDoList";
			sourceTree = "<group>";
		};
		F9417DF92889956D0042D79D /* Source */ = {
			isa = PBXGroup;
			children = (
				F9417DE228893BCB0042D79D /* AppDelegate.swift */,
				F9417DE428893BCB0042D79D /* SceneDelegate.swift */,
				F9417DE828893BCB0042D79D /* Main.storyboard */,
				F9417DF028893BCC0042D79D /* LaunchScreen.storyboard */,
			);
			path = Source;
			sourceTree = "<group>";
		};
		F9417DFB2889958D0042D79D /* ViewControllers */ = {
			isa = PBXGroup;
			children = (
				F97DE77C288DBF2600937DD9 /* SignInVC.swift */,
				F941FE21288F02BC00CF45C7 /* SignUpVC.swift */,
			);
			path = ViewControllers;
			sourceTree = "<group>";
		};
		F9417E032889E4D30042D79D /* Protocols */ = {
			isa = PBXGroup;
			children = (
				F9417E042889E4EC0042D79D /* SignProtocol.swift */,
			);
			path = Protocols;
			sourceTree = "<group>";
		};
		F941FE24288F12EA00CF45C7 /* Views */ = {
			isa = PBXGroup;
			children = (
				F9417DE628893BCB0042D79D /* SignInView.swift */,
				F9417E0028899A0A0042D79D /* SignUpView.swift */,
			);
			path = Views;
			sourceTree = "<group>";
		};
		F97DE779288DBE9500937DD9 /* Models */ = {
			isa = PBXGroup;
			children = (
				F97DE777288DBE2900937DD9 /* Model.swift */,
				F97DE77A288DBEA800937DD9 /* LocalStore.swift */,
				F9FB0DD9288F4A2500245B49 /* NetworkService.swift */,
			);
			path = Models;
			sourceTree = "<group>";
		};
/* End PBXGroup section */

/* Begin PBXNativeTarget section */
		F9417DDE28893BCB0042D79D /* Homework 4 - toDoList */ = {
			isa = PBXNativeTarget;
			buildConfigurationList = F9417DF628893BCC0042D79D /* Build configuration list for PBXNativeTarget "Homework 4 - toDoList" */;
			buildPhases = (
				D0FDF7577A1EF2754C34859D /* [CP] Check Pods Manifest.lock */,
				F9417DDB28893BCB0042D79D /* Sources */,
				F9417DDC28893BCB0042D79D /* Frameworks */,
				F9417DDD28893BCB0042D79D /* Resources */,
				7EC304A9D59FC102991F02E6 /* [CP] Embed Pods Frameworks */,
			);
			buildRules = (
			);
			dependencies = (
			);
			name = "Homework 4 - toDoList";
			productName = "Homework 4 - toDoList";
			productReference = F9417DDF28893BCB0042D79D /* Homework 4 - toDoList.app */;
			productType = "com.apple.product-type.application";
		};
/* End PBXNativeTarget section */

/* Begin PBXProject section */
		F9417DD728893BCB0042D79D /* Project object */ = {
			isa = PBXProject;
			attributes = {
				BuildIndependentTargetsInParallel = 1;
				LastSwiftUpdateCheck = 1340;
				LastUpgradeCheck = 1340;
				TargetAttributes = {
					F9417DDE28893BCB0042D79D = {
						CreatedOnToolsVersion = 13.4.1;
					};
				};
			};
			buildConfigurationList = F9417DDA28893BCB0042D79D /* Build configuration list for PBXProject "Homework 4 - toDoList" */;
			compatibilityVersion = "Xcode 13.0";
			developmentRegion = en;
			hasScannedForEncodings = 0;
			knownRegions = (
				en,
				Base,
			);
			mainGroup = F9417DD628893BCB0042D79D;
			productRefGroup = F9417DE028893BCB0042D79D /* Products */;
			projectDirPath = "";
			projectRoot = "";
			targets = (
				F9417DDE28893BCB0042D79D /* Homework 4 - toDoList */,
			);
		};
/* End PBXProject section */

/* Begin PBXResourcesBuildPhase section */
		F9417DDD28893BCB0042D79D /* Resources */ = {
			isa = PBXResourcesBuildPhase;
			buildActionMask = 2147483647;
			files = (
				F9417DF228893BCC0042D79D /* LaunchScreen.storyboard in Resources */,
				F9417DEF28893BCC0042D79D /* Assets.xcassets in Resources */,
				F9417DEA28893BCB0042D79D /* Main.storyboard in Resources */,
			);
			runOnlyForDeploymentPostprocessing = 0;
		};
/* End PBXResourcesBuildPhase section */

/* Begin PBXShellScriptBuildPhase section */
		7EC304A9D59FC102991F02E6 /* [CP] Embed Pods Frameworks */ = {
			isa = PBXShellScriptBuildPhase;
			buildActionMask = 2147483647;
			files = (
			);
			inputFileListPaths = (
				"${PODS_ROOT}/Target Support Files/Pods-Homework 4 - toDoList/Pods-Homework 4 - toDoList-frameworks-${CONFIGURATION}-input-files.xcfilelist",
			);
			name = "[CP] Embed Pods Frameworks";
			outputFileListPaths = (
				"${PODS_ROOT}/Target Support Files/Pods-Homework 4 - toDoList/Pods-Homework 4 - toDoList-frameworks-${CONFIGURATION}-output-files.xcfilelist",
			);
			runOnlyForDeploymentPostprocessing = 0;
			shellPath = /bin/sh;
			shellScript = "\"${PODS_ROOT}/Target Support Files/Pods-Homework 4 - toDoList/Pods-Homework 4 - toDoList-frameworks.sh\"\n";
			showEnvVarsInLog = 0;
		};
		D0FDF7577A1EF2754C34859D /* [CP] Check Pods Manifest.lock */ = {
			isa = PBXShellScriptBuildPhase;
			buildActionMask = 2147483647;
			files = (
			);
			inputFileListPaths = (
			);
			inputPaths = (
				"${PODS_PODFILE_DIR_PATH}/Podfile.lock",
				"${PODS_ROOT}/Manifest.lock",
			);
			name = "[CP] Check Pods Manifest.lock";
			outputFileListPaths = (
			);
			outputPaths = (
				"$(DERIVED_FILE_DIR)/Pods-Homework 4 - toDoList-checkManifestLockResult.txt",
			);
			runOnlyForDeploymentPostprocessing = 0;
			shellPath = /bin/sh;
			shellScript = "diff \"${PODS_PODFILE_DIR_PATH}/Podfile.lock\" \"${PODS_ROOT}/Manifest.lock\" > /dev/null\nif [ $? != 0 ] ; then\n    # print error to STDERR\n    echo \"error: The sandbox is not in sync with the Podfile.lock. Run 'pod install' or update your CocoaPods installation.\" >&2\n    exit 1\nfi\n# This output is used by Xcode 'outputs' to avoid re-running this script phase.\necho \"SUCCESS\" > \"${SCRIPT_OUTPUT_FILE_0}\"\n";
			showEnvVarsInLog = 0;
		};
/* End PBXShellScriptBuildPhase section */

/* Begin PBXSourcesBuildPhase section */
		F9417DDB28893BCB0042D79D /* Sources */ = {
			isa = PBXSourcesBuildPhase;
			buildActionMask = 2147483647;
			files = (
				F9FB0DDA288F4A2500245B49 /* NetworkService.swift in Sources */,
				F97DE77D288DBF2600937DD9 /* SignInVC.swift in Sources */,
				F9417DED28893BCB0042D79D /* Homework_4___toDoList.xcdatamodeld in Sources */,
				F9417DE728893BCB0042D79D /* SignInView.swift in Sources */,
				F9417DE328893BCB0042D79D /* AppDelegate.swift in Sources */,
				F97DE77B288DBEA800937DD9 /* LocalStore.swift in Sources */,
				F9417DE528893BCB0042D79D /* SceneDelegate.swift in Sources */,
				F9417E052889E4EC0042D79D /* SignProtocol.swift in Sources */,
				F97DE778288DBE2900937DD9 /* Model.swift in Sources */,
				F941FE22288F02BC00CF45C7 /* SignUpVC.swift in Sources */,
				F9417E0128899A0A0042D79D /* SignUpView.swift in Sources */,
			);
			runOnlyForDeploymentPostprocessing = 0;
		};
/* End PBXSourcesBuildPhase section */

/* Begin PBXVariantGroup section */
		F9417DE828893BCB0042D79D /* Main.storyboard */ = {
			isa = PBXVariantGroup;
			children = (
				F9417DE928893BCB0042D79D /* Base */,
			);
			name = Main.storyboard;
			sourceTree = "<group>";
		};
		F9417DF028893BCC0042D79D /* LaunchScreen.storyboard */ = {
			isa = PBXVariantGroup;
			children = (
				F9417DF128893BCC0042D79D /* Base */,
			);
			name = LaunchScreen.storyboard;
			sourceTree = "<group>";
		};
/* End PBXVariantGroup section */

/* Begin XCBuildConfiguration section */
		F9417DF428893BCC0042D79D /* Debug */ = {
			isa = XCBuildConfiguration;
			buildSettings = {
				ALWAYS_SEARCH_USER_PATHS = NO;
				CLANG_ANALYZER_NONNULL = YES;
				CLANG_ANALYZER_NUMBER_OBJECT_CONVERSION = YES_AGGRESSIVE;
				CLANG_CXX_LANGUAGE_STANDARD = "gnu++17";
				CLANG_ENABLE_MODULES = YES;
				CLANG_ENABLE_OBJC_ARC = YES;
				CLANG_ENABLE_OBJC_WEAK = YES;
				CLANG_WARN_BLOCK_CAPTURE_AUTORELEASING = YES;
				CLANG_WARN_BOOL_CONVERSION = YES;
				CLANG_WARN_COMMA = YES;
				CLANG_WARN_CONSTANT_CONVERSION = YES;
				CLANG_WARN_DEPRECATED_OBJC_IMPLEMENTATIONS = YES;
				CLANG_WARN_DIRECT_OBJC_ISA_USAGE = YES_ERROR;
				CLANG_WARN_DOCUMENTATION_COMMENTS = YES;
				CLANG_WARN_EMPTY_BODY = YES;
				CLANG_WARN_ENUM_CONVERSION = YES;
				CLANG_WARN_INFINITE_RECURSION = YES;
				CLANG_WARN_INT_CONVERSION = YES;
				CLANG_WARN_NON_LITERAL_NULL_CONVERSION = YES;
				CLANG_WARN_OBJC_IMPLICIT_RETAIN_SELF = YES;
				CLANG_WARN_OBJC_LITERAL_CONVERSION = YES;
				CLANG_WARN_OBJC_ROOT_CLASS = YES_ERROR;
				CLANG_WARN_QUOTED_INCLUDE_IN_FRAMEWORK_HEADER = YES;
				CLANG_WARN_RANGE_LOOP_ANALYSIS = YES;
				CLANG_WARN_STRICT_PROTOTYPES = YES;
				CLANG_WARN_SUSPICIOUS_MOVE = YES;
				CLANG_WARN_UNGUARDED_AVAILABILITY = YES_AGGRESSIVE;
				CLANG_WARN_UNREACHABLE_CODE = YES;
				CLANG_WARN__DUPLICATE_METHOD_MATCH = YES;
				COPY_PHASE_STRIP = NO;
				DEBUG_INFORMATION_FORMAT = dwarf;
				ENABLE_STRICT_OBJC_MSGSEND = YES;
				ENABLE_TESTABILITY = YES;
				GCC_C_LANGUAGE_STANDARD = gnu11;
				GCC_DYNAMIC_NO_PIC = NO;
				GCC_NO_COMMON_BLOCKS = YES;
				GCC_OPTIMIZATION_LEVEL = 0;
				GCC_PREPROCESSOR_DEFINITIONS = (
					"DEBUG=1",
					"$(inherited)",
				);
				GCC_WARN_64_TO_32_BIT_CONVERSION = YES;
				GCC_WARN_ABOUT_RETURN_TYPE = YES_ERROR;
				GCC_WARN_UNDECLARED_SELECTOR = YES;
				GCC_WARN_UNINITIALIZED_AUTOS = YES_AGGRESSIVE;
				GCC_WARN_UNUSED_FUNCTION = YES;
				GCC_WARN_UNUSED_VARIABLE = YES;
				IPHONEOS_DEPLOYMENT_TARGET = 15.5;
				MTL_ENABLE_DEBUG_INFO = INCLUDE_SOURCE;
				MTL_FAST_MATH = YES;
				ONLY_ACTIVE_ARCH = YES;
				SDKROOT = iphoneos;
				SWIFT_ACTIVE_COMPILATION_CONDITIONS = DEBUG;
				SWIFT_OPTIMIZATION_LEVEL = "-Onone";
			};
			name = Debug;
		};
		F9417DF528893BCC0042D79D /* Release */ = {
			isa = XCBuildConfiguration;
			buildSettings = {
				ALWAYS_SEARCH_USER_PATHS = NO;
				CLANG_ANALYZER_NONNULL = YES;
				CLANG_ANALYZER_NUMBER_OBJECT_CONVERSION = YES_AGGRESSIVE;
				CLANG_CXX_LANGUAGE_STANDARD = "gnu++17";
				CLANG_ENABLE_MODULES = YES;
				CLANG_ENABLE_OBJC_ARC = YES;
				CLANG_ENABLE_OBJC_WEAK = YES;
				CLANG_WARN_BLOCK_CAPTURE_AUTORELEASING = YES;
				CLANG_WARN_BOOL_CONVERSION = YES;
				CLANG_WARN_COMMA = YES;
				CLANG_WARN_CONSTANT_CONVERSION = YES;
				CLANG_WARN_DEPRECATED_OBJC_IMPLEMENTATIONS = YES;
				CLANG_WARN_DIRECT_OBJC_ISA_USAGE = YES_ERROR;
				CLANG_WARN_DOCUMENTATION_COMMENTS = YES;
				CLANG_WARN_EMPTY_BODY = YES;
				CLANG_WARN_ENUM_CONVERSION = YES;
				CLANG_WARN_INFINITE_RECURSION = YES;
				CLANG_WARN_INT_CONVERSION = YES;
				CLANG_WARN_NON_LITERAL_NULL_CONVERSION = YES;
				CLANG_WARN_OBJC_IMPLICIT_RETAIN_SELF = YES;
				CLANG_WARN_OBJC_LITERAL_CONVERSION = YES;
				CLANG_WARN_OBJC_ROOT_CLASS = YES_ERROR;
				CLANG_WARN_QUOTED_INCLUDE_IN_FRAMEWORK_HEADER = YES;
				CLANG_WARN_RANGE_LOOP_ANALYSIS = YES;
				CLANG_WARN_STRICT_PROTOTYPES = YES;
				CLANG_WARN_SUSPICIOUS_MOVE = YES;
				CLANG_WARN_UNGUARDED_AVAILABILITY = YES_AGGRESSIVE;
				CLANG_WARN_UNREACHABLE_CODE = YES;
				CLANG_WARN__DUPLICATE_METHOD_MATCH = YES;
				COPY_PHASE_STRIP = NO;
				DEBUG_INFORMATION_FORMAT = "dwarf-with-dsym";
				ENABLE_NS_ASSERTIONS = NO;
				ENABLE_STRICT_OBJC_MSGSEND = YES;
				GCC_C_LANGUAGE_STANDARD = gnu11;
				GCC_NO_COMMON_BLOCKS = YES;
				GCC_WARN_64_TO_32_BIT_CONVERSION = YES;
				GCC_WARN_ABOUT_RETURN_TYPE = YES_ERROR;
				GCC_WARN_UNDECLARED_SELECTOR = YES;
				GCC_WARN_UNINITIALIZED_AUTOS = YES_AGGRESSIVE;
				GCC_WARN_UNUSED_FUNCTION = YES;
				GCC_WARN_UNUSED_VARIABLE = YES;
				IPHONEOS_DEPLOYMENT_TARGET = 15.5;
				MTL_ENABLE_DEBUG_INFO = NO;
				MTL_FAST_MATH = YES;
				SDKROOT = iphoneos;
				SWIFT_COMPILATION_MODE = wholemodule;
				SWIFT_OPTIMIZATION_LEVEL = "-O";
				VALIDATE_PRODUCT = YES;
			};
			name = Release;
		};
		F9417DF728893BCC0042D79D /* Debug */ = {
			isa = XCBuildConfiguration;
			baseConfigurationReference = 6B807C52D6E0E6A8549FB5E4 /* Pods-Homework 4 - toDoList.debug.xcconfig */;
			buildSettings = {
				ASSETCATALOG_COMPILER_APPICON_NAME = AppIcon;
				ASSETCATALOG_COMPILER_GLOBAL_ACCENT_COLOR_NAME = AccentColor;
				CODE_SIGN_STYLE = Automatic;
				CURRENT_PROJECT_VERSION = 1;
				DEVELOPMENT_TEAM = 3N8G2G522U;
				GENERATE_INFOPLIST_FILE = YES;
				INFOPLIST_FILE = "Homework 4 - toDoList/Info.plist";
				INFOPLIST_KEY_UIApplicationSupportsIndirectInputEvents = YES;
				INFOPLIST_KEY_UILaunchStoryboardName = LaunchScreen;
				INFOPLIST_KEY_UIMainStoryboardFile = Main;
				INFOPLIST_KEY_UISupportedInterfaceOrientations_iPad = "UIInterfaceOrientationPortrait UIInterfaceOrientationPortraitUpsideDown UIInterfaceOrientationLandscapeLeft UIInterfaceOrientationLandscapeRight";
				INFOPLIST_KEY_UISupportedInterfaceOrientations_iPhone = "UIInterfaceOrientationPortrait UIInterfaceOrientationLandscapeLeft UIInterfaceOrientationLandscapeRight";
				LD_RUNPATH_SEARCH_PATHS = (
					"$(inherited)",
					"@executable_path/Frameworks",
				);
				MARKETING_VERSION = 1.0;
				PRODUCT_BUNDLE_IDENTIFIER = "iOliver.Homework-4---toDoList";
				PRODUCT_NAME = "$(TARGET_NAME)";
				SWIFT_EMIT_LOC_STRINGS = YES;
				SWIFT_VERSION = 5.0;
				TARGETED_DEVICE_FAMILY = "1,2";
			};
			name = Debug;
		};
		F9417DF828893BCC0042D79D /* Release */ = {
			isa = XCBuildConfiguration;
			baseConfigurationReference = E225E2C64A503C5391DB3333 /* Pods-Homework 4 - toDoList.release.xcconfig */;
			buildSettings = {
				ASSETCATALOG_COMPILER_APPICON_NAME = AppIcon;
				ASSETCATALOG_COMPILER_GLOBAL_ACCENT_COLOR_NAME = AccentColor;
				CODE_SIGN_STYLE = Automatic;
				CURRENT_PROJECT_VERSION = 1;
				DEVELOPMENT_TEAM = 3N8G2G522U;
				GENERATE_INFOPLIST_FILE = YES;
				INFOPLIST_FILE = "Homework 4 - toDoList/Info.plist";
				INFOPLIST_KEY_UIApplicationSupportsIndirectInputEvents = YES;
				INFOPLIST_KEY_UILaunchStoryboardName = LaunchScreen;
				INFOPLIST_KEY_UIMainStoryboardFile = Main;
				INFOPLIST_KEY_UISupportedInterfaceOrientations_iPad = "UIInterfaceOrientationPortrait UIInterfaceOrientationPortraitUpsideDown UIInterfaceOrientationLandscapeLeft UIInterfaceOrientationLandscapeRight";
				INFOPLIST_KEY_UISupportedInterfaceOrientations_iPhone = "UIInterfaceOrientationPortrait UIInterfaceOrientationLandscapeLeft UIInterfaceOrientationLandscapeRight";
				LD_RUNPATH_SEARCH_PATHS = (
					"$(inherited)",
					"@executable_path/Frameworks",
				);
				MARKETING_VERSION = 1.0;
				PRODUCT_BUNDLE_IDENTIFIER = "iOliver.Homework-4---toDoList";
				PRODUCT_NAME = "$(TARGET_NAME)";
				SWIFT_EMIT_LOC_STRINGS = YES;
				SWIFT_VERSION = 5.0;
				TARGETED_DEVICE_FAMILY = "1,2";
			};
			name = Release;
		};
/* End XCBuildConfiguration section */

/* Begin XCConfigurationList section */
		F9417DDA28893BCB0042D79D /* Build configuration list for PBXProject "Homework 4 - toDoList" */ = {
			isa = XCConfigurationList;
			buildConfigurations = (
				F9417DF428893BCC0042D79D /* Debug */,
				F9417DF528893BCC0042D79D /* Release */,
			);
			defaultConfigurationIsVisible = 0;
			defaultConfigurationName = Release;
		};
		F9417DF628893BCC0042D79D /* Build configuration list for PBXNativeTarget "Homework 4 - toDoList" */ = {
			isa = XCConfigurationList;
			buildConfigurations = (
				F9417DF728893BCC0042D79D /* Debug */,
				F9417DF828893BCC0042D79D /* Release */,
			);
			defaultConfigurationIsVisible = 0;
			defaultConfigurationName = Release;
		};
/* End XCConfigurationList section */

/* Begin XCVersionGroup section */
		F9417DEB28893BCB0042D79D /* Homework_4___toDoList.xcdatamodeld */ = {
			isa = XCVersionGroup;
			children = (
				F9417DEC28893BCB0042D79D /* Homework_4___toDoList.xcdatamodel */,
			);
			currentVersion = F9417DEC28893BCB0042D79D /* Homework_4___toDoList.xcdatamodel */;
			path = "Homework_4___toDoList.xcdatamodeld";
			sourceTree = "<group>";
			versionGroupType = wrapper.xcdatamodel;
		};
/* End XCVersionGroup section */
	};
	rootObject = F9417DD728893BCB0042D79D /* Project object */;
}
